
Microsoft Visual Studio Solution File, Format Version 12.00
# Visual Studio Version 17
VisualStudioVersion = 17.5.2.0
MinimumVisualStudioVersion = 10.0.40219.1
Project("{FAE04EC0-301F-11D3-BF4B-00C04F79EFBC}") = "CardCollector_backend", "CardCollector_backend\CardCollector_backend.csproj", "{277DEA0E-358B-84E8-0EF5-C4C8DFFA35BD}"
EndProject
Project("{FAE04EC0-301F-11D3-BF4B-00C04F79EFBC}") = "CardCollector_backend.Tests", "CardCollector_backend.Tests\CardCollector_backend.Tests.csproj", "{12CD19AA-1DF1-453D-B0D7-52BB39D1E65E}"
EndProject
Global
	GlobalSection(SolutionConfigurationPlatforms) = preSolution
		Debug|Any CPU = Debug|Any CPU
		Debug|x64 = Debug|x64
		Debug|x86 = Debug|x86
		Release|Any CPU = Release|Any CPU
		Release|x64 = Release|x64
		Release|x86 = Release|x86
	EndGlobalSection
	GlobalSection(ProjectConfigurationPlatforms) = postSolution
		{277DEA0E-358B-84E8-0EF5-C4C8DFFA35BD}.Debug|Any CPU.ActiveCfg = Debug|Any CPU
		{277DEA0E-358B-84E8-0EF5-C4C8DFFA35BD}.Debug|Any CPU.Build.0 = Debug|Any CPU
		{277DEA0E-358B-84E8-0EF5-C4C8DFFA35BD}.Debug|x64.ActiveCfg = Debug|Any CPU
		{277DEA0E-358B-84E8-0EF5-C4C8DFFA35BD}.Debug|x64.Build.0 = Debug|Any CPU
		{277DEA0E-358B-84E8-0EF5-C4C8DFFA35BD}.Debug|x86.ActiveCfg = Debug|Any CPU
		{277DEA0E-358B-84E8-0EF5-C4C8DFFA35BD}.Debug|x86.Build.0 = Debug|Any CPU
		{277DEA0E-358B-84E8-0EF5-C4C8DFFA35BD}.Release|Any CPU.ActiveCfg = Release|Any CPU
		{277DEA0E-358B-84E8-0EF5-C4C8DFFA35BD}.Release|Any CPU.Build.0 = Release|Any CPU
		{277DEA0E-358B-84E8-0EF5-C4C8DFFA35BD}.Release|x64.ActiveCfg = Release|Any CPU
		{277DEA0E-358B-84E8-0EF5-C4C8DFFA35BD}.Release|x64.Build.0 = Release|Any CPU
		{277DEA0E-358B-84E8-0EF5-C4C8DFFA35BD}.Release|x86.ActiveCfg = Release|Any CPU
		{277DEA0E-358B-84E8-0EF5-C4C8DFFA35BD}.Release|x86.Build.0 = Release|Any CPU
		{12CD19AA-1DF1-453D-B0D7-52BB39D1E65E}.Debug|Any CPU.ActiveCfg = Debug|Any CPU
		{12CD19AA-1DF1-453D-B0D7-52BB39D1E65E}.Debug|Any CPU.Build.0 = Debug|Any CPU
		{12CD19AA-1DF1-453D-B0D7-52BB39D1E65E}.Debug|x64.ActiveCfg = Debug|Any CPU
		{12CD19AA-1DF1-453D-B0D7-52BB39D1E65E}.Debug|x64.Build.0 = Debug|Any CPU
		{12CD19AA-1DF1-453D-B0D7-52BB39D1E65E}.Debug|x86.ActiveCfg = Debug|Any CPU
		{12CD19AA-1DF1-453D-B0D7-52BB39D1E65E}.Debug|x86.Build.0 = Debug|Any CPU
		{12CD19AA-1DF1-453D-B0D7-52BB39D1E65E}.Release|Any CPU.ActiveCfg = Release|Any CPU
		{12CD19AA-1DF1-453D-B0D7-52BB39D1E65E}.Release|Any CPU.Build.0 = Release|Any CPU
		{12CD19AA-1DF1-453D-B0D7-52BB39D1E65E}.Release|x64.ActiveCfg = Release|Any CPU
		{12CD19AA-1DF1-453D-B0D7-52BB39D1E65E}.Release|x64.Build.0 = Release|Any CPU
		{12CD19AA-1DF1-453D-B0D7-52BB39D1E65E}.Release|x86.ActiveCfg = Release|Any CPU
		{12CD19AA-1DF1-453D-B0D7-52BB39D1E65E}.Release|x86.Build.0 = Release|Any CPU
	EndGlobalSection
	GlobalSection(SolutionProperties) = preSolution
		HideSolutionNode = FALSE
	EndGlobalSection
	GlobalSection(ExtensibilityGlobals) = postSolution
		SolutionGuid = {02EED551-0606-49F4-BB0B-38650D511B37}
	EndGlobalSection
EndGlobal
